
Microsoft Visual Studio Solution File, Format Version 12.00
# Visual Studio Version 17
VisualStudioVersion = 17.7.34031.279
MinimumVisualStudioVersion = 10.0.40219.1
Project("{FAE04EC0-301F-11D3-BF4B-00C04F79EFBC}") = "prueba4EvaRecup", "prueba4EvaRecup.csproj", "{3AA6E53E-82FF-4A21-A75F-80E5F44A974F}"
EndProject
Global
	GlobalSection(SolutionConfigurationPlatforms) = preSolution
		Debug|Any CPU = Debug|Any CPU
		Release|Any CPU = Release|Any CPU
	EndGlobalSection
	GlobalSection(ProjectConfigurationPlatforms) = postSolution
		{3AA6E53E-82FF-4A21-A75F-80E5F44A974F}.Debug|Any CPU.ActiveCfg = Debug|Any CPU
		{3AA6E53E-82FF-4A21-A75F-80E5F44A974F}.Debug|Any CPU.Build.0 = Debug|Any CPU
		{3AA6E53E-82FF-4A21-A75F-80E5F44A974F}.Release|Any CPU.ActiveCfg = Release|Any CPU
		{3AA6E53E-82FF-4A21-A75F-80E5F44A974F}.Release|Any CPU.Build.0 = Release|Any CPU
	EndGlobalSection
	GlobalSection(SolutionProperties) = preSolution
		HideSolutionNode = FALSE
	EndGlobalSection
	GlobalSection(ExtensibilityGlobals) = postSolution
		SolutionGuid = {83C3B7F5-2F5E-4C16-9FB2-C1F89FFA545F}
	EndGlobalSection
EndGlobal
